{
  "lockfileVersion": 1,
  "workspaces": {
    "": {
      "name": "memdex-monorepo",
    },
    "packages/memdex": {
      "name": "memdex",
      "version": "0.1.0",
      "bin": {
        "memdex": "bin/memdex.js",
      },
    },
  },
  "packages": {
    "memdex": ["memdex@workspace:packages/memdex"],
  }
}
